
Microsoft Visual Studio Solution File, Format Version 12.00
# Visual Studio Version 17
VisualStudioVersion = 17.12.35527.113
MinimumVisualStudioVersion = 10.0.40219.1
Project("{FE7A1B72-C5B7-4D7C-BB7D-76384D4DE8E1}") = "TcHmiProject", "TcHmiProject\TcHmiProject.hmiproj", "{49A81A8B-8370-4D2E-AE34-9141518E4D9A}"
EndProject
Project("{FAE04EC0-301F-11D3-BF4B-00C04F79EFBC}") = "PgQuery", "PgQuery\PgQuery.csproj", "{13DEFEBE-227E-418F-90E2-54A1C346CFAA}"
EndProject
Global
	GlobalSection(SolutionConfigurationPlatforms) = preSolution
		Debug|Any CPU = Debug|Any CPU
		Debug|TwinCAT HMI = Debug|TwinCAT HMI
		Release|Any CPU = Release|Any CPU
		Release|TwinCAT HMI = Release|TwinCAT HMI
	EndGlobalSection
	GlobalSection(ProjectConfigurationPlatforms) = postSolution
		{49A81A8B-8370-4D2E-AE34-9141518E4D9A}.Debug|Any CPU.ActiveCfg = Debug|TwinCAT HMI
		{49A81A8B-8370-4D2E-AE34-9141518E4D9A}.Debug|Any CPU.Build.0 = Debug|TwinCAT HMI
		{49A81A8B-8370-4D2E-AE34-9141518E4D9A}.Debug|TwinCAT HMI.ActiveCfg = Debug|TwinCAT HMI
		{49A81A8B-8370-4D2E-AE34-9141518E4D9A}.Debug|TwinCAT HMI.Build.0 = Debug|TwinCAT HMI
		{49A81A8B-8370-4D2E-AE34-9141518E4D9A}.Release|Any CPU.ActiveCfg = Release|TwinCAT HMI
		{49A81A8B-8370-4D2E-AE34-9141518E4D9A}.Release|Any CPU.Build.0 = Release|TwinCAT HMI
		{49A81A8B-8370-4D2E-AE34-9141518E4D9A}.Release|TwinCAT HMI.ActiveCfg = Release|TwinCAT HMI
		{49A81A8B-8370-4D2E-AE34-9141518E4D9A}.Release|TwinCAT HMI.Build.0 = Release|TwinCAT HMI
		{13DEFEBE-227E-418F-90E2-54A1C346CFAA}.Debug|Any CPU.ActiveCfg = Debug|Any CPU
		{13DEFEBE-227E-418F-90E2-54A1C346CFAA}.Debug|Any CPU.Build.0 = Debug|Any CPU
		{13DEFEBE-227E-418F-90E2-54A1C346CFAA}.Debug|TwinCAT HMI.ActiveCfg = Debug|Any CPU
		{13DEFEBE-227E-418F-90E2-54A1C346CFAA}.Debug|TwinCAT HMI.Build.0 = Debug|Any CPU
		{13DEFEBE-227E-418F-90E2-54A1C346CFAA}.Release|Any CPU.ActiveCfg = Release|Any CPU
		{13DEFEBE-227E-418F-90E2-54A1C346CFAA}.Release|Any CPU.Build.0 = Release|Any CPU
		{13DEFEBE-227E-418F-90E2-54A1C346CFAA}.Release|TwinCAT HMI.ActiveCfg = Release|Any CPU
		{13DEFEBE-227E-418F-90E2-54A1C346CFAA}.Release|TwinCAT HMI.Build.0 = Release|Any CPU
	EndGlobalSection
	GlobalSection(SolutionProperties) = preSolution
		HideSolutionNode = FALSE
	EndGlobalSection
EndGlobal
